
Microsoft Visual Studio Solution File, Format Version 12.00
# Visual Studio 15
VisualStudioVersion = 15.0.28307.1082
MinimumVisualStudioVersion = 10.0.40219.1
Project("{FAE04EC0-301F-11D3-BF4B-00C04F79EFBC}") = "MyCoaches", "MyCoaches\MyCoaches.csproj", "{420F2B78-340F-4EDD-91B9-7F9B954675CF}"
EndProject
Global
	GlobalSection(SolutionConfigurationPlatforms) = preSolution
		Debug|Any CPU = Debug|Any CPU
		Release|Any CPU = Release|Any CPU
	EndGlobalSection
	GlobalSection(ProjectConfigurationPlatforms) = postSolution
		{420F2B78-340F-4EDD-91B9-7F9B954675CF}.Debug|Any CPU.ActiveCfg = Debug|Any CPU
		{420F2B78-340F-4EDD-91B9-7F9B954675CF}.Debug|Any CPU.Build.0 = Debug|Any CPU
		{420F2B78-340F-4EDD-91B9-7F9B954675CF}.Release|Any CPU.ActiveCfg = Release|Any CPU
		{420F2B78-340F-4EDD-91B9-7F9B954675CF}.Release|Any CPU.Build.0 = Release|Any CPU
	EndGlobalSection
	GlobalSection(SolutionProperties) = preSolution
		HideSolutionNode = FALSE
	EndGlobalSection
	GlobalSection(ExtensibilityGlobals) = postSolution
		SolutionGuid = {0CFB9283-5F68-494D-9555-579B506696C4}
	EndGlobalSection
EndGlobal
